
Microsoft Visual Studio Solution File, Format Version 12.00
# Visual Studio Version 17
VisualStudioVersion = 17.5.33414.496
MinimumVisualStudioVersion = 10.0.40219.1
Project("{FAE04EC0-301F-11D3-BF4B-00C04F79EFBC}") = "PFormula1MongoDB", "PFormula1MongoDB\PFormula1MongoDB.csproj", "{180DC158-7942-4672-92FA-759C33CFFED0}"
EndProject
Global
	GlobalSection(SolutionConfigurationPlatforms) = preSolution
		Debug|Any CPU = Debug|Any CPU
		Release|Any CPU = Release|Any CPU
	EndGlobalSection
	GlobalSection(ProjectConfigurationPlatforms) = postSolution
		{180DC158-7942-4672-92FA-759C33CFFED0}.Debug|Any CPU.ActiveCfg = Debug|Any CPU
		{180DC158-7942-4672-92FA-759C33CFFED0}.Debug|Any CPU.Build.0 = Debug|Any CPU
		{180DC158-7942-4672-92FA-759C33CFFED0}.Release|Any CPU.ActiveCfg = Release|Any CPU
		{180DC158-7942-4672-92FA-759C33CFFED0}.Release|Any CPU.Build.0 = Release|Any CPU
	EndGlobalSection
	GlobalSection(SolutionProperties) = preSolution
		HideSolutionNode = FALSE
	EndGlobalSection
	GlobalSection(ExtensibilityGlobals) = postSolution
		SolutionGuid = {A490B8B9-06CD-4463-AF32-680C1B102EE3}
	EndGlobalSection
EndGlobal
